Microsoft Visual Studio Solution File, Format Version 12.00
# Visual Studio Version 17
VisualStudioVersion = 17.5.2.0
MinimumVisualStudioVersion = 10.0.40219.1
Project("{FAE04EC0-301F-11D3-BF4B-00C04F79EFBC}") = "RelC14", "RelC14.csproj", "{73D289DC-3382-A656-7EAB-0EBA4A4813D0}"
EndProject
Global
	GlobalSection(SolutionConfigurationPlatforms) = preSolution
		Debug|Any CPU = Debug|Any CPU
		Release|Any CPU = Release|Any CPU
	EndGlobalSection
	GlobalSection(ProjectConfigurationPlatforms) = postSolution
		{73D289DC-3382-A656-7EAB-0EBA4A4813D0}.Debug|Any CPU.ActiveCfg = Debug|Any CPU
		{73D289DC-3382-A656-7EAB-0EBA4A4813D0}.Debug|Any CPU.Build.0 = Debug|Any CPU
		{73D289DC-3382-A656-7EAB-0EBA4A4813D0}.Release|Any CPU.ActiveCfg = Release|Any CPU
		{73D289DC-3382-A656-7EAB-0EBA4A4813D0}.Release|Any CPU.Build.0 = Release|Any CPU
	EndGlobalSection
	GlobalSection(SolutionProperties) = preSolution
		HideSolutionNode = FALSE
	EndGlobalSection
	GlobalSection(ExtensibilityGlobals) = postSolution
		SolutionGuid = {7D1E7DBE-B226-47CE-A0F0-40F30B9EA93C}
	EndGlobalSection
EndGlobal
