Microsoft Visual Studio Solution File, Format Version 12.00
# Visual Studio Version 17
VisualStudioVersion = 17.5.2.0
MinimumVisualStudioVersion = 10.0.40219.1
Project("{FAE04EC0-301F-11D3-BF4B-00C04F79EFBC}") = "VsMcpServeTools", "VsMcpServeTools.csproj", "{A3ED51CC-99DE-709F-22F9-6EFEB4548742}"
EndProject
Global
	GlobalSection(SolutionConfigurationPlatforms) = preSolution
		Debug|Any CPU = Debug|Any CPU
		Release|Any CPU = Release|Any CPU
	EndGlobalSection
	GlobalSection(ProjectConfigurationPlatforms) = postSolution
		{A3ED51CC-99DE-709F-22F9-6EFEB4548742}.Debug|Any CPU.ActiveCfg = Debug|Any CPU
		{A3ED51CC-99DE-709F-22F9-6EFEB4548742}.Debug|Any CPU.Build.0 = Debug|Any CPU
		{A3ED51CC-99DE-709F-22F9-6EFEB4548742}.Release|Any CPU.ActiveCfg = Release|Any CPU
		{A3ED51CC-99DE-709F-22F9-6EFEB4548742}.Release|Any CPU.Build.0 = Release|Any CPU
	EndGlobalSection
	GlobalSection(SolutionProperties) = preSolution
		HideSolutionNode = FALSE
	EndGlobalSection
	GlobalSection(ExtensibilityGlobals) = postSolution
		SolutionGuid = {53B48DE8-F612-4CDB-BC3E-F3BBBD471CE9}
	EndGlobalSection
EndGlobal
